{
  "name": "portfolio",
  "version": "1.0.0",
  "lockfileVersion": 3,
  "requires": true,
  "description": "Professional Portfolio for Amey A. Tambe",
  "packages": {
    "": {
      "name": "portfolio",
      "version": "1.0.0"
    }
  },
  "scripts": {
    "build": "echo 'Build successful - static HTML site'",
    "dev": "npx http-server -p 3000"
  }
}
